
Microsoft Visual Studio Solution File, Format Version 12.00
Project("{FAE04EC0-301F-11D3-BF4B-00C04F79EFBC}") = "Investor360_CSV_to_QIF", "Investor360_CSV_to_QIF.csproj", "{FD28B4FC-2674-42E7-AC9F-F1A1E6C4A0A0}"
EndProject
Global
	GlobalSection(SolutionConfigurationPlatforms) = preSolution
		Debug|Any CPU = Debug|Any CPU
		Release|Any CPU = Release|Any CPU
	EndGlobalSection
	GlobalSection(ProjectConfigurationPlatforms) = postSolution
		{FD28B4FC-2674-42E7-AC9F-F1A1E6C4A0A0}.Debug|Any CPU.ActiveCfg = Debug|Any CPU
		{FD28B4FC-2674-42E7-AC9F-F1A1E6C4A0A0}.Debug|Any CPU.Build.0 = Debug|Any CPU
		{FD28B4FC-2674-42E7-AC9F-F1A1E6C4A0A0}.Release|Any CPU.ActiveCfg = Release|Any CPU
		{FD28B4FC-2674-42E7-AC9F-F1A1E6C4A0A0}.Release|Any CPU.Build.0 = Release|Any CPU
	EndGlobalSection
EndGlobal
